# This file is automatically @generated by Cargo.
# It is not intended for manual editing.
version = 3

[[package]]
name = "pson"
version = "0.1.0"
dependencies = [
 "pson_schema",
]

[[package]]
name = "pson_lambda"
version = "0.1.0"
dependencies = [
 "pson",
]

[[package]]
name = "pson_schema"
version = "0.1.0"
